{
  "nodes": {
    "flakeNimbleLib": {
      "inputs": {
        "nixpkgs": [
          "nixpkgs"
        ]
      },
      "locked": {
        "lastModified": 1662018438,
        "narHash": "sha256-QtNtU6+LX3Wokxf0zlFwKTFOcn6TeDjKQZ+DA9OYtvM=",
        "owner": "riinr",
        "repo": "nim-flakes-lib",
        "rev": "b1fe8340736e3a85d25c709ac3dfd82a55c03cbf",
        "type": "github"
      },
      "original": {
        "owner": "riinr",
        "ref": "master",
        "repo": "nim-flakes-lib",
        "type": "github"
      }
    },
    "msgpack-master": {
      "inputs": {
        "flakeNimbleLib": [
          "flakeNimbleLib"
        ],
        "nixpkgs": [
          "nixpkgs"
        ],
        "src-msgpack-master": "src-msgpack-master"
      },
      "locked": {
        "dir": "master",
        "lastModified": 1667322444,
        "narHash": "sha256-qzkxT+w0t44JrWGIkRlj7OxhQAE+IGutjXWNN5cTDYA=",
        "owner": "nim-nix-pkgs",
        "repo": "msgpack",
        "rev": "5982105b99b6b3fb70c2de9d33677e5cd5c507f8",
        "type": "github"
      },
      "original": {
        "dir": "master",
        "owner": "nim-nix-pkgs",
        "ref": "master",
        "repo": "msgpack",
        "type": "github"
      }
    },
    "nixpkgs": {
      "locked": {
        "lastModified": 1667199707,
        "narHash": "sha256-I2Js3Y7gUyVSEXPULHlBoRek4Lh85vnevdS6mdvDNLI=",
        "owner": "NixOS",
        "repo": "nixpkgs",
        "rev": "ced197be72099edcfa68ebed8b87af7b04851f45",
        "type": "github"
      },
      "original": {
        "id": "nixpkgs",
        "type": "indirect"
      }
    },
    "root": {
      "inputs": {
        "flakeNimbleLib": "flakeNimbleLib",
        "msgpack-master": "msgpack-master",
        "nixpkgs": "nixpkgs"
      }
    },
    "src-msgpack-master": {
      "flake": false,
      "locked": {
        "lastModified": 1570876453,
        "narHash": "sha256-1GZR+eSRNnF3LArGe0csopro9RHWDE/UiNSP3Sdtsm0=",
        "owner": "akiradeveloper",
        "repo": "msgpack-nim",
        "rev": "3e36b57f1755be629ee07da74f5f14df5a321c0c",
        "type": "github"
      },
      "original": {
        "owner": "akiradeveloper",
        "ref": "refs/heads/master",
        "repo": "msgpack-nim",
        "type": "github"
      }
    }
  },
  "root": "root",
  "version": 7
}
